
Microsoft Visual Studio Solution File, Format Version 12.00
# Visual Studio 2017
Project("{FAE04EC0-301F-11D3-BF4B-00C04F79EFBC}") = "BeatSynchronization", "BeatSynchronization.csproj", "{FE453C43-D2E8-D4C0-C0AE-5C256B90756D}"
EndProject
Project("{FAE04EC0-301F-11D3-BF4B-00C04F79EFBC}") = "BeatSynchronization.Editor", "BeatSynchronization.Editor.csproj", "{FF794FC1-81F8-6E93-1343-6B0E5BFE76AF}"
EndProject
Global
	GlobalSection(SolutionConfigurationPlatforms) = preSolution
		Debug|Any CPU = Debug|Any CPU
		Release|Any CPU = Release|Any CPU
	EndGlobalSection
	GlobalSection(ProjectConfigurationPlatforms) = postSolution
		{FE453C43-D2E8-D4C0-C0AE-5C256B90756D}.Debug|Any CPU.ActiveCfg = Debug|Any CPU
		{FE453C43-D2E8-D4C0-C0AE-5C256B90756D}.Debug|Any CPU.Build.0 = Debug|Any CPU
		{FE453C43-D2E8-D4C0-C0AE-5C256B90756D}.Release|Any CPU.ActiveCfg = Release|Any CPU
		{FE453C43-D2E8-D4C0-C0AE-5C256B90756D}.Release|Any CPU.Build.0 = Release|Any CPU
		{FF794FC1-81F8-6E93-1343-6B0E5BFE76AF}.Debug|Any CPU.ActiveCfg = Debug|Any CPU
		{FF794FC1-81F8-6E93-1343-6B0E5BFE76AF}.Debug|Any CPU.Build.0 = Debug|Any CPU
		{FF794FC1-81F8-6E93-1343-6B0E5BFE76AF}.Release|Any CPU.ActiveCfg = Release|Any CPU
		{FF794FC1-81F8-6E93-1343-6B0E5BFE76AF}.Release|Any CPU.Build.0 = Release|Any CPU
	EndGlobalSection
	GlobalSection(SolutionProperties) = preSolution
		HideSolutionNode = FALSE
	EndGlobalSection
EndGlobal
